// !$*UTF8*$!
{
	archiveVersion = 1;
	classes = {
	};
	objectVersion = 46;
	objects = {

/* Begin PBXBuildFile section */
		4FB2AC4D1C39666300C59E5A /* main.m in Sources */ = {isa = PBXBuildFile; fileRef = 4FB2AC4C1C39666300C59E5A /* main.m */; };
		4FB2AC501C39666300C59E5A /* AppDelegate.m in Sources */ = {isa = PBXBuildFile; fileRef = 4FB2AC4F1C39666300C59E5A /* AppDelegate.m */; };
		4FB2AC531C39666300C59E5A /* ViewController.m in Sources */ = {isa = PBXBuildFile; fileRef = 4FB2AC521C39666300C59E5A /* ViewController.m */; };
		4FB2AC561C39666300C59E5A /* Main.storyboard in Resources */ = {isa = PBXBuildFile; fileRef = 4FB2AC541C39666300C59E5A /* Main.storyboard */; };
		4FB2AC581C39666300C59E5A /* Assets.xcassets in Resources */ = {isa = PBXBuildFile; fileRef = 4FB2AC571C39666300C59E5A /* Assets.xcassets */; };
		4FB2AC5B1C39666300C59E5A /* LaunchScreen.storyboard in Resources */ = {isa = PBXBuildFile; fileRef = 4FB2AC591C39666300C59E5A /* LaunchScreen.storyboard */; };
		4FB2AC661C39666300C59E5A /* skSampleTests.m in Sources */ = {isa = PBXBuildFile; fileRef = 4FB2AC651C39666300C59E5A /* skSampleTests.m */; };
		4FB2AC711C39666300C59E5A /* skSampleUITests.m in Sources */ = {isa = PBXBuildFile; fileRef = 4FB2AC701C39666300C59E5A /* skSampleUITests.m */; };
/* End PBXBuildFile section */

/* Begin PBXContainerItemProxy section */
		4FB2AC621C39666300C59E5A /* PBXContainerItemProxy */ = {
			isa = PBXContainerItemProxy;
			containerPortal = 4FB2AC401C39666300C59E5A /* Project object */;
			proxyType = 1;
			remoteGlobalIDString = 4FB2AC471C39666300C59E5A;
			remoteInfo = skSample;
		};
		4FB2AC6D1C39666300C59E5A /* PBXContainerItemProxy */ = {
			isa = PBXContainerItemProxy;
			containerPortal = 4FB2AC401C39666300C59E5A /* Project object */;
			proxyType = 1;
			remoteGlobalIDString = 4FB2AC471C39666300C59E5A;
			remoteInfo = skSample;
		};
/* End PBXContainerItemProxy section */

/* Begin PBXFileReference section */
		4FB2AC481C39666300C59E5A /* skSample.app */ = {isa = PBXFileReference; explicitFileType = wrapper.application; includeInIndex = 0; path = skSample.app; sourceTree = BUILT_PRODUCTS_DIR; };
		4FB2AC4C1C39666300C59E5A /* main.m */ = {isa = PBXFileReference; lastKnownFileType = sourcecode.c.objc; path = main.m; sourceTree = "<group>"; };
		4FB2AC4E1C39666300C59E5A /* AppDelegate.h */ = {isa = PBXFileReference; lastKnownFileType = sourcecode.c.h; path = AppDelegate.h; sourceTree = "<group>"; };
		4FB2AC4F1C39666300C59E5A /* AppDelegate.m */ = {isa = PBXFileReference; lastKnownFileType = sourcecode.c.objc; path = AppDelegate.m; sourceTree = "<group>"; };
		4FB2AC511C39666300C59E5A /* ViewController.h */ = {isa = PBXFileReference; lastKnownFileType = sourcecode.c.h; path = ViewController.h; sourceTree = "<group>"; };
		4FB2AC521C39666300C59E5A /* ViewController.m */ = {isa = PBXFileReference; lastKnownFileType = sourcecode.c.objc; path = ViewController.m; sourceTree = "<group>"; };
		4FB2AC551C39666300C59E5A /* Base */ = {isa = PBXFileReference; lastKnownFileType = file.storyboard; name = Base; path = Base.lproj/Main.storyboard; sourceTree = "<group>"; };
		4FB2AC571C39666300C59E5A /* Assets.xcassets */ = {isa = PBXFileReference; lastKnownFileType = folder.assetcatalog; path = Assets.xcassets; sourceTree = "<group>"; };
		4FB2AC5A1C39666300C59E5A /* Base */ = {isa = PBXFileReference; lastKnownFileType = file.storyboard; name = Base; path = Base.lproj/LaunchScreen.storyboard; sourceTree = "<group>"; };
		4FB2AC5C1C39666300C59E5A /* Info.plist */ = {isa = PBXFileReference; lastKnownFileType = text.plist.xml; path = Info.plist; sourceTree = "<group>"; };
		4FB2AC611C39666300C59E5A /* skSampleTests.xctest */ = {isa = PBXFileReference; explicitFileType = wrapper.cfbundle; includeInIndex = 0; path = skSampleTests.xctest; sourceTree = BUILT_PRODUCTS_DIR; };
		4FB2AC651C39666300C59E5A /* skSampleTests.m */ = {isa = PBXFileReference; lastKnownFileType = sourcecode.c.objc; path = skSampleTests.m; sourceTree = "<group>"; };
		4FB2AC671C39666300C59E5A /* Info.plist */ = {isa = PBXFileReference; lastKnownFileType = text.plist.xml; path = Info.plist; sourceTree = "<group>"; };
		4FB2AC6C1C39666300C59E5A /* skSampleUITests.xctest */ = {isa = PBXFileReference; explicitFileType = wrapper.cfbundle; includeInIndex = 0; path = skSampleUITests.xctest; sourceTree = BUILT_PRODUCTS_DIR; };
		4FB2AC701C39666300C59E5A /* skSampleUITests.m */ = {isa = PBXFileReference; lastKnownFileType = sourcecode.c.objc; path = skSampleUITests.m; sourceTree = "<group>"; };
		4FB2AC721C39666300C59E5A /* Info.plist */ = {isa = PBXFileReference; lastKnownFileType = text.plist.xml; path = Info.plist; sourceTree = "<group>"; };
/* End PBXFileReference section */

/* Begin PBXFrameworksBuildPhase section */
		4FB2AC451C39666300C59E5A /* Frameworks */ = {
			isa = PBXFrameworksBuildPhase;
			buildActionMask = 2147483647;
			files = (
			);
			runOnlyForDeploymentPostprocessing = 0;
		};
		4FB2AC5E1C39666300C59E5A /* Frameworks */ = {
			isa = PBXFrameworksBuildPhase;
			buildActionMask = 2147483647;
			files = (
			);
			runOnlyForDeploymentPostprocessing = 0;
		};
		4FB2AC691C39666300C59E5A /* Frameworks */ = {
			isa = PBXFrameworksBuildPhase;
			buildActionMask = 2147483647;
			files = (
			);
			runOnlyForDeploymentPostprocessing = 0;
		};
/* End PBXFrameworksBuildPhase section */

/* Begin PBXGroup section */
		4FB2AC3F1C39666300C59E5A = {
			isa = PBXGroup;
			children = (
				4FB2AC4A1C39666300C59E5A /* skSample */,
				4FB2AC641C39666300C59E5A /* skSampleTests */,
				4FB2AC6F1C39666300C59E5A /* skSampleUITests */,
				4FB2AC491C39666300C59E5A /* Products */,
			);
			sourceTree = "<group>";
		};
		4FB2AC491C39666300C59E5A /* Products */ = {
			isa = PBXGroup;
			children = (
				4FB2AC481C39666300C59E5A /* skSample.app */,
				4FB2AC611C39666300C59E5A /* skSampleTests.xctest */,
				4FB2AC6C1C39666300C59E5A /* skSampleUITests.xctest */,
			);
			name = Products;
			sourceTree = "<group>";
		};
		4FB2AC4A1C39666300C59E5A /* skSample */ = {
			isa = PBXGroup;
			children = (
				4FB2AC4E1C39666300C59E5A /* AppDelegate.h */,
				4FB2AC4F1C39666300C59E5A /* AppDelegate.m */,
				4FB2AC511C39666300C59E5A /* ViewController.h */,
				4FB2AC521C39666300C59E5A /* ViewController.m */,
				4FB2AC541C39666300C59E5A /* Main.storyboard */,
				4FB2AC571C39666300C59E5A /* Assets.xcassets */,
				4FB2AC591C39666300C59E5A /* LaunchScreen.storyboard */,
				4FB2AC5C1C39666300C59E5A /* Info.plist */,
				4FB2AC4B1C39666300C59E5A /* Supporting Files */,
			);
			path = skSample;
			sourceTree = "<group>";
		};
		4FB2AC4B1C39666300C59E5A /* Supporting Files */ = {
			isa = PBXGroup;
			children = (
				4FB2AC4C1C39666300C59E5A /* main.m */,
			);
			name = "Supporting Files";
			sourceTree = "<group>";
		};
		4FB2AC641C39666300C59E5A /* skSampleTests */ = {
			isa = PBXGroup;
			children = (
				4FB2AC651C39666300C59E5A /* skSampleTests.m */,
				4FB2AC671C39666300C59E5A /* Info.plist */,
			);
			path = skSampleTests;
			sourceTree = "<group>";
		};
		4FB2AC6F1C39666300C59E5A /* skSampleUITests */ = {
			isa = PBXGroup;
			children = (
				4FB2AC701C39666300C59E5A /* skSampleUITests.m */,
				4FB2AC721C39666300C59E5A /* Info.plist */,
			);
			path = skSampleUITests;
			sourceTree = "<group>";
		};
/* End PBXGroup section */

/* Begin PBXNativeTarget section */
		4FB2AC471C39666300C59E5A /* skSample */ = {
			isa = PBXNativeTarget;
			buildConfigurationList = 4FB2AC751C39666300C59E5A /* Build configuration list for PBXNativeTarget "skSample" */;
			buildPhases = (
				4FB2AC441C39666300C59E5A /* Sources */,
				4FB2AC451C39666300C59E5A /* Frameworks */,
				4FB2AC461C39666300C59E5A /* Resources */,
			);
			buildRules = (
			);
			dependencies = (
			);
			name = skSample;
			productName = skSample;
			productReference = 4FB2AC481C39666300C59E5A /* skSample.app */;
			productType = "com.apple.product-type.application";
		};
		4FB2AC601C39666300C59E5A /* skSampleTests */ = {
			isa = PBXNativeTarget;
			buildConfigurationList = 4FB2AC781C39666300C59E5A /* Build configuration list for PBXNativeTarget "skSampleTests" */;
			buildPhases = (
				4FB2AC5D1C39666300C59E5A /* Sources */,
				4FB2AC5E1C39666300C59E5A /* Frameworks */,
				4FB2AC5F1C39666300C59E5A /* Resources */,
			);
			buildRules = (
			);
			dependencies = (
				4FB2AC631C39666300C59E5A /* PBXTargetDependency */,
			);
			name = skSampleTests;
			productName = skSampleTests;
			productReference = 4FB2AC611C39666300C59E5A /* skSampleTests.xctest */;
			productType = "com.apple.product-type.bundle.unit-test";
		};
		4FB2AC6B1C39666300C59E5A /* skSampleUITests */ = {
			isa = PBXNativeTarget;
			buildConfigurationList = 4FB2AC7B1C39666300C59E5A /* Build configuration list for PBXNativeTarget "skSampleUITests" */;
			buildPhases = (
				4FB2AC681C39666300C59E5A /* Sources */,
				4FB2AC691C39666300C59E5A /* Frameworks */,
				4FB2AC6A1C39666300C59E5A /* Resources */,
			);
			buildRules = (
			);
			dependencies = (
				4FB2AC6E1C39666300C59E5A /* PBXTargetDependency */,
			);
			name = skSampleUITests;
			productName = skSampleUITests;
			productReference = 4FB2AC6C1C39666300C59E5A /* skSampleUITests.xctest */;
			productType = "com.apple.product-type.bundle.ui-testing";
		};
/* End PBXNativeTarget section */

/* Begin PBXProject section */
		4FB2AC401C39666300C59E5A /* Project object */ = {
			isa = PBXProject;
			attributes = {
				LastUpgradeCheck = 0720;
				ORGANIZATIONNAME = "山本文子";
				TargetAttributes = {
					4FB2AC471C39666300C59E5A = {
						CreatedOnToolsVersion = 7.2;
					};
					4FB2AC601C39666300C59E5A = {
						CreatedOnToolsVersion = 7.2;
						TestTargetID = 4FB2AC471C39666300C59E5A;
					};
					4FB2AC6B1C39666300C59E5A = {
						CreatedOnToolsVersion = 7.2;
						TestTargetID = 4FB2AC471C39666300C59E5A;
					};
				};
			};
			buildConfigurationList = 4FB2AC431C39666300C59E5A /* Build configuration list for PBXProject "skSample" */;
			compatibilityVersion = "Xcode 3.2";
			developmentRegion = English;
			hasScannedForEncodings = 0;
			knownRegions = (
				en,
				Base,
			);
			mainGroup = 4FB2AC3F1C39666300C59E5A;
			productRefGroup = 4FB2AC491C39666300C59E5A /* Products */;
			projectDirPath = "";
			projectRoot = "";
			targets = (
				4FB2AC471C39666300C59E5A /* skSample */,
				4FB2AC601C39666300C59E5A /* skSampleTests */,
				4FB2AC6B1C39666300C59E5A /* skSampleUITests */,
			);
		};
/* End PBXProject section */

/* Begin PBXResourcesBuildPhase section */
		4FB2AC461C39666300C59E5A /* Resources */ = {
			isa = PBXResourcesBuildPhase;
			buildActionMask = 2147483647;
			files = (
				4FB2AC5B1C39666300C59E5A /* LaunchScreen.storyboard in Resources */,
				4FB2AC581C39666300C59E5A /* Assets.xcassets in Resources */,
				4FB2AC561C39666300C59E5A /* Main.storyboard in Resources */,
			);
			runOnlyForDeploymentPostprocessing = 0;
		};
		4FB2AC5F1C39666300C59E5A /* Resources */ = {
			isa = PBXResourcesBuildPhase;
			buildActionMask = 2147483647;
			files = (
			);
			runOnlyForDeploymentPostprocessing = 0;
		};
		4FB2AC6A1C39666300C59E5A /* Resources */ = {
			isa = PBXResourcesBuildPhase;
			buildActionMask = 2147483647;
			files = (
			);
			runOnlyForDeploymentPostprocessing = 0;
		};
/* End PBXResourcesBuildPhase section */

/* Begin PBXSourcesBuildPhase section */
		4FB2AC441C39666300C59E5A /* Sources */ = {
			isa = PBXSourcesBuildPhase;
			buildActionMask = 2147483647;
			files = (
				4FB2AC531C39666300C59E5A /* ViewController.m in Sources */,
				4FB2AC501C39666300C59E5A /* AppDelegate.m in Sources */,
				4FB2AC4D1C39666300C59E5A /* main.m in Sources */,
			);
			runOnlyForDeploymentPostprocessing = 0;
		};
		4FB2AC5D1C39666300C59E5A /* Sources */ = {
			isa = PBXSourcesBuildPhase;
			buildActionMask = 2147483647;
			files = (
				4FB2AC661C39666300C59E5A /* skSampleTests.m in Sources */,
			);
			runOnlyForDeploymentPostprocessing = 0;
		};
		4FB2AC681C39666300C59E5A /* Sources */ = {
			isa = PBXSourcesBuildPhase;
			buildActionMask = 2147483647;
			files = (
				4FB2AC711C39666300C59E5A /* skSampleUITests.m in Sources */,
			);
			runOnlyForDeploymentPostprocessing = 0;
		};
/* End PBXSourcesBuildPhase section */

/* Begin PBXTargetDependency section */
		4FB2AC631C39666300C59E5A /* PBXTargetDependency */ = {
			isa = PBXTargetDependency;
			target = 4FB2AC471C39666300C59E5A /* skSample */;
			targetProxy = 4FB2AC621C39666300C59E5A /* PBXContainerItemProxy */;
		};
		4FB2AC6E1C39666300C59E5A /* PBXTargetDependency */ = {
			isa = PBXTargetDependency;
			target = 4FB2AC471C39666300C59E5A /* skSample */;
			targetProxy = 4FB2AC6D1C39666300C59E5A /* PBXContainerItemProxy */;
		};
/* End PBXTargetDependency section */

/* Begin PBXVariantGroup section */
		4FB2AC541C39666300C59E5A /* Main.storyboard */ = {
			isa = PBXVariantGroup;
			children = (
				4FB2AC551C39666300C59E5A /* Base */,
			);
			name = Main.storyboard;
			sourceTree = "<group>";
		};
		4FB2AC591C39666300C59E5A /* LaunchScreen.storyboard */ = {
			isa = PBXVariantGroup;
			children = (
				4FB2AC5A1C39666300C59E5A /* Base */,
			);
			name = LaunchScreen.storyboard;
			sourceTree = "<group>";
		};
/* End PBXVariantGroup section */

/* Begin XCBuildConfiguration section */
		4FB2AC731C39666300C59E5A /* Debug */ = {
			isa = XCBuildConfiguration;
			buildSettings = {
				ALWAYS_SEARCH_USER_PATHS = NO;
				CLANG_CXX_LANGUAGE_STANDARD = "gnu++0x";
				CLANG_CXX_LIBRARY = "libc++";
				CLANG_ENABLE_MODULES = YES;
				CLANG_ENABLE_OBJC_ARC = YES;
				CLANG_WARN_BOOL_CONVERSION = YES;
				CLANG_WARN_CONSTANT_CONVERSION = YES;
				CLANG_WARN_DIRECT_OBJC_ISA_USAGE = YES_ERROR;
				CLANG_WARN_EMPTY_BODY = YES;
				CLANG_WARN_ENUM_CONVERSION = YES;
				CLANG_WARN_INT_CONVERSION = YES;
				CLANG_WARN_OBJC_ROOT_CLASS = YES_ERROR;
				CLANG_WARN_UNREACHABLE_CODE = YES;
				CLANG_WARN__DUPLICATE_METHOD_MATCH = YES;
				"CODE_SIGN_IDENTITY[sdk=iphoneos*]" = "iPhone Developer";
				COPY_PHASE_STRIP = NO;
				DEBUG_INFORMATION_FORMAT = dwarf;
				ENABLE_STRICT_OBJC_MSGSEND = YES;
				ENABLE_TESTABILITY = YES;
				GCC_C_LANGUAGE_STANDARD = gnu99;
				GCC_DYNAMIC_NO_PIC = NO;
				GCC_NO_COMMON_BLOCKS = YES;
				GCC_OPTIMIZATION_LEVEL = 0;
				GCC_PREPROCESSOR_DEFINITIONS = (
					"DEBUG=1",
					"$(inherited)",
				);
				GCC_WARN_64_TO_32_BIT_CONVERSION = YES;
				GCC_WARN_ABOUT_RETURN_TYPE = YES_ERROR;
				GCC_WARN_UNDECLARED_SELECTOR = YES;
				GCC_WARN_UNINITIALIZED_AUTOS = YES_AGGRESSIVE;
				GCC_WARN_UNUSED_FUNCTION = YES;
				GCC_WARN_UNUSED_VARIABLE = YES;
				IPHONEOS_DEPLOYMENT_TARGET = 9.2;
				MTL_ENABLE_DEBUG_INFO = YES;
				ONLY_ACTIVE_ARCH = YES;
				SDKROOT = iphoneos;
			};
			name = Debug;
		};
		4FB2AC741C39666300C59E5A /* Release */ = {
			isa = XCBuildConfiguration;
			buildSettings = {
				ALWAYS_SEARCH_USER_PATHS = NO;
				CLANG_CXX_LANGUAGE_STANDARD = "gnu++0x";
				CLANG_CXX_LIBRARY = "libc++";
				CLANG_ENABLE_MODULES = YES;
				CLANG_ENABLE_OBJC_ARC = YES;
				CLANG_WARN_BOOL_CONVERSION = YES;
				CLANG_WARN_CONSTANT_CONVERSION = YES;
				CLANG_WARN_DIRECT_OBJC_ISA_USAGE = YES_ERROR;
				CLANG_WARN_EMPTY_BODY = YES;
				CLANG_WARN_ENUM_CONVERSION = YES;
				CLANG_WARN_INT_CONVERSION = YES;
				CLANG_WARN_OBJC_ROOT_CLASS = YES_ERROR;
				CLANG_WARN_UNREACHABLE_CODE = YES;
				CLANG_WARN__DUPLICATE_METHOD_MATCH = YES;
				"CODE_SIGN_IDENTITY[sdk=iphoneos*]" = "iPhone Developer";
				COPY_PHASE_STRIP = NO;
				DEBUG_INFORMATION_FORMAT = "dwarf-with-dsym";
				ENABLE_NS_ASSERTIONS = NO;
				ENABLE_STRICT_OBJC_MSGSEND = YES;
				GCC_C_LANGUAGE_STANDARD = gnu99;
				GCC_NO_COMMON_BLOCKS = YES;
				GCC_WARN_64_TO_32_BIT_CONVERSION = YES;
				GCC_WARN_ABOUT_RETURN_TYPE = YES_ERROR;
				GCC_WARN_UNDECLARED_SELECTOR = YES;
				GCC_WARN_UNINITIALIZED_AUTOS = YES_AGGRESSIVE;
				GCC_WARN_UNUSED_FUNCTION = YES;
				GCC_WARN_UNUSED_VARIABLE = YES;
				IPHONEOS_DEPLOYMENT_TARGET = 9.2;
				MTL_ENABLE_DEBUG_INFO = NO;
				SDKROOT = iphoneos;
				VALIDATE_PRODUCT = YES;
			};
			name = Release;
		};
		4FB2AC761C39666300C59E5A /* Debug */ = {
			isa = XCBuildConfiguration;
			buildSettings = {
				ASSETCATALOG_COMPILER_APPICON_NAME = AppIcon;
				INFOPLIST_FILE = skSample/Info.plist;
				LD_RUNPATH_SEARCH_PATHS = "$(inherited) @executable_path/Frameworks";
				PRODUCT_BUNDLE_IDENTIFIER = fumi.skSample;
				PRODUCT_NAME = "$(TARGET_NAME)";
			};
			name = Debug;
		};
		4FB2AC771C39666300C59E5A /* Release */ = {
			isa = XCBuildConfiguration;
			buildSettings = {
				ASSETCATALOG_COMPILER_APPICON_NAME = AppIcon;
				INFOPLIST_FILE = skSample/Info.plist;
				LD_RUNPATH_SEARCH_PATHS = "$(inherited) @executable_path/Frameworks";
				PRODUCT_BUNDLE_IDENTIFIER = fumi.skSample;
				PRODUCT_NAME = "$(TARGET_NAME)";
			};
			name = Release;
		};
		4FB2AC791C39666300C59E5A /* Debug */ = {
			isa = XCBuildConfiguration;
			buildSettings = {
				BUNDLE_LOADER = "$(TEST_HOST)";
				INFOPLIST_FILE = skSampleTests/Info.plist;
				LD_RUNPATH_SEARCH_PATHS = "$(inherited) @executable_path/Frameworks @loader_path/Frameworks";
				PRODUCT_BUNDLE_IDENTIFIER = fumi.skSampleTests;
				PRODUCT_NAME = "$(TARGET_NAME)";
				TEST_HOST = "$(BUILT_PRODUCTS_DIR)/skSample.app/skSample";
			};
			name = Debug;
		};
		4FB2AC7A1C39666300C59E5A /* Release */ = {
			isa = XCBuildConfiguration;
			buildSettings = {
				BUNDLE_LOADER = "$(TEST_HOST)";
				INFOPLIST_FILE = skSampleTests/Info.plist;
				LD_RUNPATH_SEARCH_PATHS = "$(inherited) @executable_path/Frameworks @loader_path/Frameworks";
				PRODUCT_BUNDLE_IDENTIFIER = fumi.skSampleTests;
				PRODUCT_NAME = "$(TARGET_NAME)";
				TEST_HOST = "$(BUILT_PRODUCTS_DIR)/skSample.app/skSample";
			};
			name = Release;
		};
		4FB2AC7C1C39666300C59E5A /* Debug */ = {
			isa = XCBuildConfiguration;
			buildSettings = {
				INFOPLIST_FILE = skSampleUITests/Info.plist;
				LD_RUNPATH_SEARCH_PATHS = "$(inherited) @executable_path/Frameworks @loader_path/Frameworks";
				PRODUCT_BUNDLE_IDENTIFIER = fumi.skSampleUITests;
				PRODUCT_NAME = "$(TARGET_NAME)";
				TEST_TARGET_NAME = skSample;
				USES_XCTRUNNER = YES;
			};
			name = Debug;
		};
		4FB2AC7D1C39666300C59E5A /* Release */ = {
			isa = XCBuildConfiguration;
			buildSettings = {
				INFOPLIST_FILE = skSampleUITests/Info.plist;
				LD_RUNPATH_SEARCH_PATHS = "$(inherited) @executable_path/Frameworks @loader_path/Frameworks";
				PRODUCT_BUNDLE_IDENTIFIER = fumi.skSampleUITests;
				PRODUCT_NAME = "$(TARGET_NAME)";
				TEST_TARGET_NAME = skSample;
				USES_XCTRUNNER = YES;
			};
			name = Release;
		};
/* End XCBuildConfiguration section */

/* Begin XCConfigurationList section */
		4FB2AC431C39666300C59E5A /* Build configuration list for PBXProject "skSample" */ = {
			isa = XCConfigurationList;
			buildConfigurations = (
				4FB2AC731C39666300C59E5A /* Debug */,
				4FB2AC741C39666300C59E5A /* Release */,
			);
			defaultConfigurationIsVisible = 0;
			defaultConfigurationName = Release;
		};
		4FB2AC751C39666300C59E5A /* Build configuration list for PBXNativeTarget "skSample" */ = {
			isa = XCConfigurationList;
			buildConfigurations = (
				4FB2AC761C39666300C59E5A /* Debug */,
				4FB2AC771C39666300C59E5A /* Release */,
			);
			defaultConfigurationIsVisible = 0;
		};
		4FB2AC781C39666300C59E5A /* Build configuration list for PBXNativeTarget "skSampleTests" */ = {
			isa = XCConfigurationList;
			buildConfigurations = (
				4FB2AC791C39666300C59E5A /* Debug */,
				4FB2AC7A1C39666300C59E5A /* Release */,
			);
			defaultConfigurationIsVisible = 0;
		};
		4FB2AC7B1C39666300C59E5A /* Build configuration list for PBXNativeTarget "skSampleUITests" */ = {
			isa = XCConfigurationList;
			buildConfigurations = (
				4FB2AC7C1C39666300C59E5A /* Debug */,
				4FB2AC7D1C39666300C59E5A /* Release */,
			);
			defaultConfigurationIsVisible = 0;
		};
/* End XCConfigurationList section */
	};
	rootObject = 4FB2AC401C39666300C59E5A /* Project object */;
}
